
Microsoft Visual Studio Solution File, Format Version 12.00
# Visual Studio Version 17
VisualStudioVersion = 17.10.34916.146
MinimumVisualStudioVersion = 10.0.40219.1
Project("{9A19103F-16F7-4668-BE54-9A1E7A4F7556}") = "PropiedadesBlazorServer2", "PropiedadesBlazorServer2\PropiedadesBlazorServer2.csproj", "{B18DF8D4-52C0-4EEA-A962-488D41CB27BE}"
EndProject
Global
	GlobalSection(SolutionConfigurationPlatforms) = preSolution
		Debug|Any CPU = Debug|Any CPU
		Release|Any CPU = Release|Any CPU
	EndGlobalSection
	GlobalSection(ProjectConfigurationPlatforms) = postSolution
		{B18DF8D4-52C0-4EEA-A962-488D41CB27BE}.Debug|Any CPU.ActiveCfg = Debug|Any CPU
		{B18DF8D4-52C0-4EEA-A962-488D41CB27BE}.Debug|Any CPU.Build.0 = Debug|Any CPU
		{B18DF8D4-52C0-4EEA-A962-488D41CB27BE}.Release|Any CPU.ActiveCfg = Release|Any CPU
		{B18DF8D4-52C0-4EEA-A962-488D41CB27BE}.Release|Any CPU.Build.0 = Release|Any CPU
	EndGlobalSection
	GlobalSection(SolutionProperties) = preSolution
		HideSolutionNode = FALSE
	EndGlobalSection
	GlobalSection(ExtensibilityGlobals) = postSolution
		SolutionGuid = {A5C82176-D7D6-4AF8-A9F3-4CAF5D51A069}
	EndGlobalSection
EndGlobal
